
Microsoft Visual Studio Solution File, Format Version 12.00
# Visual Studio Version 16
VisualStudioVersion = 16.0.31402.337
MinimumVisualStudioVersion = 10.0.40219.1
Project("{FAE04EC0-301F-11D3-BF4B-00C04F79EFBC}") = "SequenciaFibonnaci", "SequenciaFibonnaci\SequenciaFibonnaci.csproj", "{8D0C1A48-FA01-4BC3-8C64-AB3966A500FB}"
EndProject
Global
	GlobalSection(SolutionConfigurationPlatforms) = preSolution
		Debug|Any CPU = Debug|Any CPU
		Release|Any CPU = Release|Any CPU
	EndGlobalSection
	GlobalSection(ProjectConfigurationPlatforms) = postSolution
		{8D0C1A48-FA01-4BC3-8C64-AB3966A500FB}.Debug|Any CPU.ActiveCfg = Debug|Any CPU
		{8D0C1A48-FA01-4BC3-8C64-AB3966A500FB}.Debug|Any CPU.Build.0 = Debug|Any CPU
		{8D0C1A48-FA01-4BC3-8C64-AB3966A500FB}.Release|Any CPU.ActiveCfg = Release|Any CPU
		{8D0C1A48-FA01-4BC3-8C64-AB3966A500FB}.Release|Any CPU.Build.0 = Release|Any CPU
	EndGlobalSection
	GlobalSection(SolutionProperties) = preSolution
		HideSolutionNode = FALSE
	EndGlobalSection
	GlobalSection(ExtensibilityGlobals) = postSolution
		SolutionGuid = {B6400246-53EA-47CC-B5C8-AA0543ACE100}
	EndGlobalSection
EndGlobal
