
Microsoft Visual Studio Solution File, Format Version 12.00
# Visual Studio Version 16
VisualStudioVersion = 16.0.31402.337
MinimumVisualStudioVersion = 10.0.40219.1
Project("{FAE04EC0-301F-11D3-BF4B-00C04F79EFBC}") = "Plataforma GUFI", "Plataforma GUFI\Plataforma GUFI.csproj", "{684A95C7-0EB3-4E07-9115-CBE44F2F367A}"
EndProject
Global
	GlobalSection(SolutionConfigurationPlatforms) = preSolution
		Debug|Any CPU = Debug|Any CPU
		Release|Any CPU = Release|Any CPU
	EndGlobalSection
	GlobalSection(ProjectConfigurationPlatforms) = postSolution
		{684A95C7-0EB3-4E07-9115-CBE44F2F367A}.Debug|Any CPU.ActiveCfg = Debug|Any CPU
		{684A95C7-0EB3-4E07-9115-CBE44F2F367A}.Debug|Any CPU.Build.0 = Debug|Any CPU
		{684A95C7-0EB3-4E07-9115-CBE44F2F367A}.Release|Any CPU.ActiveCfg = Release|Any CPU
		{684A95C7-0EB3-4E07-9115-CBE44F2F367A}.Release|Any CPU.Build.0 = Release|Any CPU
	EndGlobalSection
	GlobalSection(SolutionProperties) = preSolution
		HideSolutionNode = FALSE
	EndGlobalSection
	GlobalSection(ExtensibilityGlobals) = postSolution
		SolutionGuid = {C36D04A2-7E8D-49CC-B74A-D9BC4096021D}
	EndGlobalSection
EndGlobal
